// !$*UTF8*$!
{
	archiveVersion = 1;
	classes = {
	};
	objectVersion = 51;
	objects = {

/* Begin PBXBuildFile section */
		B4CC02AB8B14D1B4938C47F7 /* Pods_SNSApp.framework in Frameworks */ = {isa = PBXBuildFile; fileRef = 73F2C4AEF93FBBEB900718DC /* Pods_SNSApp.framework */; };
		D3782897231775B1006C2175 /* GoogleService-Info.plist in Resources */ = {isa = PBXBuildFile; fileRef = D3782896231775B1006C2175 /* GoogleService-Info.plist */; };
		D3782899231778EF006C2175 /* AccountViewController.swift in Sources */ = {isa = PBXBuildFile; fileRef = D3782898231778EF006C2175 /* AccountViewController.swift */; };
		D378289B23177F33006C2175 /* TimelineViewController.swift in Sources */ = {isa = PBXBuildFile; fileRef = D378289A23177F33006C2175 /* TimelineViewController.swift */; };
		D3BAF20823177133003493FC /* AppDelegate.swift in Sources */ = {isa = PBXBuildFile; fileRef = D3BAF20723177133003493FC /* AppDelegate.swift */; };
		D3BAF20D23177133003493FC /* Main.storyboard in Resources */ = {isa = PBXBuildFile; fileRef = D3BAF20B23177133003493FC /* Main.storyboard */; };
		D3BAF20F23177134003493FC /* Assets.xcassets in Resources */ = {isa = PBXBuildFile; fileRef = D3BAF20E23177134003493FC /* Assets.xcassets */; };
		D3BAF21223177134003493FC /* LaunchScreen.storyboard in Resources */ = {isa = PBXBuildFile; fileRef = D3BAF21023177134003493FC /* LaunchScreen.storyboard */; };
/* End PBXBuildFile section */

/* Begin PBXFileReference section */
		6284C015788C365447D9FC1E /* Pods-SNSApp.debug.xcconfig */ = {isa = PBXFileReference; includeInIndex = 1; lastKnownFileType = text.xcconfig; name = "Pods-SNSApp.debug.xcconfig"; path = "Target Support Files/Pods-SNSApp/Pods-SNSApp.debug.xcconfig"; sourceTree = "<group>"; };
		73F2C4AEF93FBBEB900718DC /* Pods_SNSApp.framework */ = {isa = PBXFileReference; explicitFileType = wrapper.framework; includeInIndex = 0; path = Pods_SNSApp.framework; sourceTree = BUILT_PRODUCTS_DIR; };
		D3782896231775B1006C2175 /* GoogleService-Info.plist */ = {isa = PBXFileReference; fileEncoding = 4; lastKnownFileType = text.plist.xml; path = "GoogleService-Info.plist"; sourceTree = "<group>"; };
		D3782898231778EF006C2175 /* AccountViewController.swift */ = {isa = PBXFileReference; lastKnownFileType = sourcecode.swift; path = AccountViewController.swift; sourceTree = "<group>"; };
		D378289A23177F33006C2175 /* TimelineViewController.swift */ = {isa = PBXFileReference; lastKnownFileType = sourcecode.swift; path = TimelineViewController.swift; sourceTree = "<group>"; };
		D3BAF20423177133003493FC /* SNSApp.app */ = {isa = PBXFileReference; explicitFileType = wrapper.application; includeInIndex = 0; path = SNSApp.app; sourceTree = BUILT_PRODUCTS_DIR; };
		D3BAF20723177133003493FC /* AppDelegate.swift */ = {isa = PBXFileReference; lastKnownFileType = sourcecode.swift; path = AppDelegate.swift; sourceTree = "<group>"; };
		D3BAF20C23177133003493FC /* Base */ = {isa = PBXFileReference; lastKnownFileType = file.storyboard; name = Base; path = Base.lproj/Main.storyboard; sourceTree = "<group>"; };
		D3BAF20E23177134003493FC /* Assets.xcassets */ = {isa = PBXFileReference; lastKnownFileType = folder.assetcatalog; path = Assets.xcassets; sourceTree = "<group>"; };
		D3BAF21123177134003493FC /* Base */ = {isa = PBXFileReference; lastKnownFileType = file.storyboard; name = Base; path = Base.lproj/LaunchScreen.storyboard; sourceTree = "<group>"; };
		D3BAF21323177134003493FC /* Info.plist */ = {isa = PBXFileReference; lastKnownFileType = text.plist.xml; path = Info.plist; sourceTree = "<group>"; };
		D6053414705B3FBBFA7D8723 /* Pods-SNSApp.release.xcconfig */ = {isa = PBXFileReference; includeInIndex = 1; lastKnownFileType = text.xcconfig; name = "Pods-SNSApp.release.xcconfig"; path = "Target Support Files/Pods-SNSApp/Pods-SNSApp.release.xcconfig"; sourceTree = "<group>"; };
/* End PBXFileReference section */

/* Begin PBXFrameworksBuildPhase section */
		D3BAF20123177133003493FC /* Frameworks */ = {
			isa = PBXFrameworksBuildPhase;
			buildActionMask = 2147483647;
			files = (
				B4CC02AB8B14D1B4938C47F7 /* Pods_SNSApp.framework in Frameworks */,
			);
			runOnlyForDeploymentPostprocessing = 0;
		};
/* End PBXFrameworksBuildPhase section */

/* Begin PBXGroup section */
		22D4AF82BAB22850A9F0E899 /* Pods */ = {
			isa = PBXGroup;
			children = (
				6284C015788C365447D9FC1E /* Pods-SNSApp.debug.xcconfig */,
				D6053414705B3FBBFA7D8723 /* Pods-SNSApp.release.xcconfig */,
			);
			path = Pods;
			sourceTree = "<group>";
		};
		BB00C9AF9DD7F932DEDC985A /* Frameworks */ = {
			isa = PBXGroup;
			children = (
				73F2C4AEF93FBBEB900718DC /* Pods_SNSApp.framework */,
			);
			name = Frameworks;
			sourceTree = "<group>";
		};
		D3BAF1FB23177133003493FC = {
			isa = PBXGroup;
			children = (
				D3BAF20623177133003493FC /* SNSApp */,
				D3BAF20523177133003493FC /* Products */,
				22D4AF82BAB22850A9F0E899 /* Pods */,
				BB00C9AF9DD7F932DEDC985A /* Frameworks */,
			);
			sourceTree = "<group>";
		};
		D3BAF20523177133003493FC /* Products */ = {
			isa = PBXGroup;
			children = (
				D3BAF20423177133003493FC /* SNSApp.app */,
			);
			name = Products;
			sourceTree = "<group>";
		};
		D3BAF20623177133003493FC /* SNSApp */ = {
			isa = PBXGroup;
			children = (
				D3782896231775B1006C2175 /* GoogleService-Info.plist */,
				D3BAF21323177134003493FC /* Info.plist */,
				D3BAF20723177133003493FC /* AppDelegate.swift */,
				D3782898231778EF006C2175 /* AccountViewController.swift */,
				D378289A23177F33006C2175 /* TimelineViewController.swift */,
				D3BAF20E23177134003493FC /* Assets.xcassets */,
				D3BAF21023177134003493FC /* LaunchScreen.storyboard */,
				D3BAF20B23177133003493FC /* Main.storyboard */,
			);
			path = SNSApp;
			sourceTree = "<group>";
		};
/* End PBXGroup section */

/* Begin PBXNativeTarget section */
		D3BAF20323177133003493FC /* SNSApp */ = {
			isa = PBXNativeTarget;
			buildConfigurationList = D3BAF21623177134003493FC /* Build configuration list for PBXNativeTarget "SNSApp" */;
			buildPhases = (
				521B4584FB21811728A7982F /* [CP] Check Pods Manifest.lock */,
				D3BAF20023177133003493FC /* Sources */,
				D3BAF20123177133003493FC /* Frameworks */,
				D3BAF20223177133003493FC /* Resources */,
				0CD0B145B0232205C4C06DA1 /* [CP] Embed Pods Frameworks */,
			);
			buildRules = (
			);
			dependencies = (
			);
			name = SNSApp;
			productName = SNSApp;
			productReference = D3BAF20423177133003493FC /* SNSApp.app */;
			productType = "com.apple.product-type.application";
		};
/* End PBXNativeTarget section */

/* Begin PBXProject section */
		D3BAF1FC23177133003493FC /* Project object */ = {
			isa = PBXProject;
			attributes = {
				LastSwiftUpdateCheck = 1030;
				LastUpgradeCheck = 1030;
				ORGANIZATIONNAME = "Fumiya Tanaka";
				TargetAttributes = {
					D3BAF20323177133003493FC = {
						CreatedOnToolsVersion = 10.3;
					};
				};
			};
			buildConfigurationList = D3BAF1FF23177133003493FC /* Build configuration list for PBXProject "SNSApp" */;
			compatibilityVersion = "Xcode 9.3";
			developmentRegion = en;
			hasScannedForEncodings = 0;
			knownRegions = (
				en,
				Base,
			);
			mainGroup = D3BAF1FB23177133003493FC;
			productRefGroup = D3BAF20523177133003493FC /* Products */;
			projectDirPath = "";
			projectRoot = "";
			targets = (
				D3BAF20323177133003493FC /* SNSApp */,
			);
		};
/* End PBXProject section */

/* Begin PBXResourcesBuildPhase section */
		D3BAF20223177133003493FC /* Resources */ = {
			isa = PBXResourcesBuildPhase;
			buildActionMask = 2147483647;
			files = (
				D3BAF21223177134003493FC /* LaunchScreen.storyboard in Resources */,
				D3782897231775B1006C2175 /* GoogleService-Info.plist in Resources */,
				D3BAF20F23177134003493FC /* Assets.xcassets in Resources */,
				D3BAF20D23177133003493FC /* Main.storyboard in Resources */,
			);
			runOnlyForDeploymentPostprocessing = 0;
		};
/* End PBXResourcesBuildPhase section */

/* Begin PBXShellScriptBuildPhase section */
		0CD0B145B0232205C4C06DA1 /* [CP] Embed Pods Frameworks */ = {
			isa = PBXShellScriptBuildPhase;
			buildActionMask = 2147483647;
			files = (
			);
			inputFileListPaths = (
				"${PODS_ROOT}/Target Support Files/Pods-SNSApp/Pods-SNSApp-frameworks-${CONFIGURATION}-input-files.xcfilelist",
			);
			name = "[CP] Embed Pods Frameworks";
			outputFileListPaths = (
				"${PODS_ROOT}/Target Support Files/Pods-SNSApp/Pods-SNSApp-frameworks-${CONFIGURATION}-output-files.xcfilelist",
			);
			runOnlyForDeploymentPostprocessing = 0;
			shellPath = /bin/sh;
			shellScript = "\"${PODS_ROOT}/Target Support Files/Pods-SNSApp/Pods-SNSApp-frameworks.sh\"\n";
			showEnvVarsInLog = 0;
		};
		521B4584FB21811728A7982F /* [CP] Check Pods Manifest.lock */ = {
			isa = PBXShellScriptBuildPhase;
			buildActionMask = 2147483647;
			files = (
			);
			inputFileListPaths = (
			);
			inputPaths = (
				"${PODS_PODFILE_DIR_PATH}/Podfile.lock",
				"${PODS_ROOT}/Manifest.lock",
			);
			name = "[CP] Check Pods Manifest.lock";
			outputFileListPaths = (
			);
			outputPaths = (
				"$(DERIVED_FILE_DIR)/Pods-SNSApp-checkManifestLockResult.txt",
			);
			runOnlyForDeploymentPostprocessing = 0;
			shellPath = /bin/sh;
			shellScript = "diff \"${PODS_PODFILE_DIR_PATH}/Podfile.lock\" \"${PODS_ROOT}/Manifest.lock\" > /dev/null\nif [ $? != 0 ] ; then\n    # print error to STDERR\n    echo \"error: The sandbox is not in sync with the Podfile.lock. Run 'pod install' or update your CocoaPods installation.\" >&2\n    exit 1\nfi\n# This output is used by Xcode 'outputs' to avoid re-running this script phase.\necho \"SUCCESS\" > \"${SCRIPT_OUTPUT_FILE_0}\"\n";
			showEnvVarsInLog = 0;
		};
/* End PBXShellScriptBuildPhase section */

/* Begin PBXSourcesBuildPhase section */
		D3BAF20023177133003493FC /* Sources */ = {
			isa = PBXSourcesBuildPhase;
			buildActionMask = 2147483647;
			files = (
				D3BAF20823177133003493FC /* AppDelegate.swift in Sources */,
				D3782899231778EF006C2175 /* AccountViewController.swift in Sources */,
				D378289B23177F33006C2175 /* TimelineViewController.swift in Sources */,
			);
			runOnlyForDeploymentPostprocessing = 0;
		};
/* End PBXSourcesBuildPhase section */

/* Begin PBXVariantGroup section */
		D3BAF20B23177133003493FC /* Main.storyboard */ = {
			isa = PBXVariantGroup;
			children = (
				D3BAF20C23177133003493FC /* Base */,
			);
			name = Main.storyboard;
			sourceTree = "<group>";
		};
		D3BAF21023177134003493FC /* LaunchScreen.storyboard */ = {
			isa = PBXVariantGroup;
			children = (
				D3BAF21123177134003493FC /* Base */,
			);
			name = LaunchScreen.storyboard;
			sourceTree = "<group>";
		};
/* End PBXVariantGroup section */

/* Begin XCBuildConfiguration section */
		D3BAF21423177134003493FC /* Debug */ = {
			isa = XCBuildConfiguration;
			buildSettings = {
				ALWAYS_SEARCH_USER_PATHS = NO;
				CLANG_ANALYZER_NONNULL = YES;
				CLANG_ANALYZER_NUMBER_OBJECT_CONVERSION = YES_AGGRESSIVE;
				CLANG_CXX_LANGUAGE_STANDARD = "gnu++14";
				CLANG_CXX_LIBRARY = "libc++";
				CLANG_ENABLE_MODULES = YES;
				CLANG_ENABLE_OBJC_ARC = YES;
				CLANG_ENABLE_OBJC_WEAK = YES;
				CLANG_WARN_BLOCK_CAPTURE_AUTORELEASING = YES;
				CLANG_WARN_BOOL_CONVERSION = YES;
				CLANG_WARN_COMMA = YES;
				CLANG_WARN_CONSTANT_CONVERSION = YES;
				CLANG_WARN_DEPRECATED_OBJC_IMPLEMENTATIONS = YES;
				CLANG_WARN_DIRECT_OBJC_ISA_USAGE = YES_ERROR;
				CLANG_WARN_DOCUMENTATION_COMMENTS = YES;
				CLANG_WARN_EMPTY_BODY = YES;
				CLANG_WARN_ENUM_CONVERSION = YES;
				CLANG_WARN_INFINITE_RECURSION = YES;
				CLANG_WARN_INT_CONVERSION = YES;
				CLANG_WARN_NON_LITERAL_NULL_CONVERSION = YES;
				CLANG_WARN_OBJC_IMPLICIT_RETAIN_SELF = YES;
				CLANG_WARN_OBJC_LITERAL_CONVERSION = YES;
				CLANG_WARN_OBJC_ROOT_CLASS = YES_ERROR;
				CLANG_WARN_RANGE_LOOP_ANALYSIS = YES;
				CLANG_WARN_STRICT_PROTOTYPES = YES;
				CLANG_WARN_SUSPICIOUS_MOVE = YES;
				CLANG_WARN_UNGUARDED_AVAILABILITY = YES_AGGRESSIVE;
				CLANG_WARN_UNREACHABLE_CODE = YES;
				CLANG_WARN__DUPLICATE_METHOD_MATCH = YES;
				CODE_SIGN_IDENTITY = "iPhone Developer";
				COPY_PHASE_STRIP = NO;
				DEBUG_INFORMATION_FORMAT = dwarf;
				ENABLE_STRICT_OBJC_MSGSEND = YES;
				ENABLE_TESTABILITY = YES;
				GCC_C_LANGUAGE_STANDARD = gnu11;
				GCC_DYNAMIC_NO_PIC = NO;
				GCC_NO_COMMON_BLOCKS = YES;
				GCC_OPTIMIZATION_LEVEL = 0;
				GCC_PREPROCESSOR_DEFINITIONS = (
					"DEBUG=1",
					"$(inherited)",
				);
				GCC_WARN_64_TO_32_BIT_CONVERSION = YES;
				GCC_WARN_ABOUT_RETURN_TYPE = YES_ERROR;
				GCC_WARN_UNDECLARED_SELECTOR = YES;
				GCC_WARN_UNINITIALIZED_AUTOS = YES_AGGRESSIVE;
				GCC_WARN_UNUSED_FUNCTION = YES;
				GCC_WARN_UNUSED_VARIABLE = YES;
				IPHONEOS_DEPLOYMENT_TARGET = 12.4;
				MTL_ENABLE_DEBUG_INFO = INCLUDE_SOURCE;
				MTL_FAST_MATH = YES;
				ONLY_ACTIVE_ARCH = YES;
				SDKROOT = iphoneos;
				SWIFT_ACTIVE_COMPILATION_CONDITIONS = DEBUG;
				SWIFT_OPTIMIZATION_LEVEL = "-Onone";
			};
			name = Debug;
		};
		D3BAF21523177134003493FC /* Release */ = {
			isa = XCBuildConfiguration;
			buildSettings = {
				ALWAYS_SEARCH_USER_PATHS = NO;
				CLANG_ANALYZER_NONNULL = YES;
				CLANG_ANALYZER_NUMBER_OBJECT_CONVERSION = YES_AGGRESSIVE;
				CLANG_CXX_LANGUAGE_STANDARD = "gnu++14";
				CLANG_CXX_LIBRARY = "libc++";
				CLANG_ENABLE_MODULES = YES;
				CLANG_ENABLE_OBJC_ARC = YES;
				CLANG_ENABLE_OBJC_WEAK = YES;
				CLANG_WARN_BLOCK_CAPTURE_AUTORELEASING = YES;
				CLANG_WARN_BOOL_CONVERSION = YES;
				CLANG_WARN_COMMA = YES;
				CLANG_WARN_CONSTANT_CONVERSION = YES;
				CLANG_WARN_DEPRECATED_OBJC_IMPLEMENTATIONS = YES;
				CLANG_WARN_DIRECT_OBJC_ISA_USAGE = YES_ERROR;
				CLANG_WARN_DOCUMENTATION_COMMENTS = YES;
				CLANG_WARN_EMPTY_BODY = YES;
				CLANG_WARN_ENUM_CONVERSION = YES;
				CLANG_WARN_INFINITE_RECURSION = YES;
				CLANG_WARN_INT_CONVERSION = YES;
				CLANG_WARN_NON_LITERAL_NULL_CONVERSION = YES;
				CLANG_WARN_OBJC_IMPLICIT_RETAIN_SELF = YES;
				CLANG_WARN_OBJC_LITERAL_CONVERSION = YES;
				CLANG_WARN_OBJC_ROOT_CLASS = YES_ERROR;
				CLANG_WARN_RANGE_LOOP_ANALYSIS = YES;
				CLANG_WARN_STRICT_PROTOTYPES = YES;
				CLANG_WARN_SUSPICIOUS_MOVE = YES;
				CLANG_WARN_UNGUARDED_AVAILABILITY = YES_AGGRESSIVE;
				CLANG_WARN_UNREACHABLE_CODE = YES;
				CLANG_WARN__DUPLICATE_METHOD_MATCH = YES;
				CODE_SIGN_IDENTITY = "iPhone Developer";
				COPY_PHASE_STRIP = NO;
				DEBUG_INFORMATION_FORMAT = "dwarf-with-dsym";
				ENABLE_NS_ASSERTIONS = NO;
				ENABLE_STRICT_OBJC_MSGSEND = YES;
				GCC_C_LANGUAGE_STANDARD = gnu11;
				GCC_NO_COMMON_BLOCKS = YES;
				GCC_WARN_64_TO_32_BIT_CONVERSION = YES;
				GCC_WARN_ABOUT_RETURN_TYPE = YES_ERROR;
				GCC_WARN_UNDECLARED_SELECTOR = YES;
				GCC_WARN_UNINITIALIZED_AUTOS = YES_AGGRESSIVE;
				GCC_WARN_UNUSED_FUNCTION = YES;
				GCC_WARN_UNUSED_VARIABLE = YES;
				IPHONEOS_DEPLOYMENT_TARGET = 12.4;
				MTL_ENABLE_DEBUG_INFO = NO;
				MTL_FAST_MATH = YES;
				SDKROOT = iphoneos;
				SWIFT_COMPILATION_MODE = wholemodule;
				SWIFT_OPTIMIZATION_LEVEL = "-O";
				VALIDATE_PRODUCT = YES;
			};
			name = Release;
		};
		D3BAF21723177134003493FC /* Debug */ = {
			isa = XCBuildConfiguration;
			baseConfigurationReference = 6284C015788C365447D9FC1E /* Pods-SNSApp.debug.xcconfig */;
			buildSettings = {
				ASSETCATALOG_COMPILER_APPICON_NAME = AppIcon;
				CODE_SIGN_STYLE = Automatic;
				DEVELOPMENT_TEAM = 2X6AD4W323;
				INFOPLIST_FILE = SNSApp/Info.plist;
				LD_RUNPATH_SEARCH_PATHS = (
					"$(inherited)",
					"@executable_path/Frameworks",
				);
				PRODUCT_BUNDLE_IDENTIFIER = com.fumiya.SNSApp;
				PRODUCT_NAME = "$(TARGET_NAME)";
				SWIFT_VERSION = 5.0;
				TARGETED_DEVICE_FAMILY = "1,2";
			};
			name = Debug;
		};
		D3BAF21823177134003493FC /* Release */ = {
			isa = XCBuildConfiguration;
			baseConfigurationReference = D6053414705B3FBBFA7D8723 /* Pods-SNSApp.release.xcconfig */;
			buildSettings = {
				ASSETCATALOG_COMPILER_APPICON_NAME = AppIcon;
				CODE_SIGN_STYLE = Automatic;
				DEVELOPMENT_TEAM = 2X6AD4W323;
				INFOPLIST_FILE = SNSApp/Info.plist;
				LD_RUNPATH_SEARCH_PATHS = (
					"$(inherited)",
					"@executable_path/Frameworks",
				);
				PRODUCT_BUNDLE_IDENTIFIER = com.fumiya.SNSApp;
				PRODUCT_NAME = "$(TARGET_NAME)";
				SWIFT_VERSION = 5.0;
				TARGETED_DEVICE_FAMILY = "1,2";
			};
			name = Release;
		};
/* End XCBuildConfiguration section */

/* Begin XCConfigurationList section */
		D3BAF1FF23177133003493FC /* Build configuration list for PBXProject "SNSApp" */ = {
			isa = XCConfigurationList;
			buildConfigurations = (
				D3BAF21423177134003493FC /* Debug */,
				D3BAF21523177134003493FC /* Release */,
			);
			defaultConfigurationIsVisible = 0;
			defaultConfigurationName = Release;
		};
		D3BAF21623177134003493FC /* Build configuration list for PBXNativeTarget "SNSApp" */ = {
			isa = XCConfigurationList;
			buildConfigurations = (
				D3BAF21723177134003493FC /* Debug */,
				D3BAF21823177134003493FC /* Release */,
			);
			defaultConfigurationIsVisible = 0;
			defaultConfigurationName = Release;
		};
/* End XCConfigurationList section */
	};
	rootObject = D3BAF1FC23177133003493FC /* Project object */;
}
